PODS:
  - XYZKit (0.5.0):
    - XYZKit/Core (= 0.5.0)
  - XYZKit/Core (0.5.0)
  - XYZKit/XYZBadgeView (0.5.0):
    - XYZKit/Core
  - XYZKit/XYZEmptyBoard (0.5.0):
    - XYZKit/Core
  - XYZKit/XYZFloatDragView (0.5.0):
    - XYZKit/Core
  - XYZKit/XYZGuideView (0.5.0):
    - XYZKit/Core
  - XYZKit/XYZLinkView (0.5.0):
    - XYZKit/Core
  - XYZKit/XYZSMSCodeInputView (0.5.0):
    - XYZKit/Core

DEPENDENCIES:
  - XYZKit (from `../`)
  - XYZKit/XYZBadgeView (from `../`)
  - XYZKit/XYZEmptyBoard (from `../`)
  - XYZKit/XYZFloatDragView (from `../`)
  - XYZKit/XYZGuideView (from `../`)
  - XYZKit/XYZLinkView (from `../`)
  - XYZKit/XYZSMSCodeInputView (from `../`)

EXTERNAL SOURCES:
  XYZKit:
    :path: "../"

SPEC CHECKSUMS:
  XYZKit: 3ddb09f4b09500f69eef9c4fbfc2e161424da261

PODFILE CHECKSUM: 7b96fd8b5a43197fee1bfe59a8fd4499e0da7ca4

COCOAPODS: 1.11.3
